
Microsoft Visual Studio Solution File, Format Version 12.00
# Visual Studio 15
VisualStudioVersion = 15.0.28307.960
MinimumVisualStudioVersion = 10.0.40219.1
Project("{FAE04EC0-301F-11D3-BF4B-00C04F79EFBC}") = "Business", "Business\Business.csproj", "{BCE1352D-5B79-4811-A96A-B782CBFD7DC8}"
EndProject
Project("{FAE04EC0-301F-11D3-BF4B-00C04F79EFBC}") = "Business.Test", "Business.Test\Business.Test.csproj", "{ED34884E-9901-4888-A04D-C5B9050F9EB7}"
EndProject
Global
	GlobalSection(SolutionConfigurationPlatforms) = preSolution
		Debug|Any CPU = Debug|Any CPU
		Release|Any CPU = Release|Any CPU
	EndGlobalSection
	GlobalSection(ProjectConfigurationPlatforms) = postSolution
		{BCE1352D-5B79-4811-A96A-B782CBFD7DC8}.Debug|Any CPU.ActiveCfg = Debug|Any CPU
		{BCE1352D-5B79-4811-A96A-B782CBFD7DC8}.Debug|Any CPU.Build.0 = Debug|Any CPU
		{BCE1352D-5B79-4811-A96A-B782CBFD7DC8}.Release|Any CPU.ActiveCfg = Release|Any CPU
		{BCE1352D-5B79-4811-A96A-B782CBFD7DC8}.Release|Any CPU.Build.0 = Release|Any CPU
		{ED34884E-9901-4888-A04D-C5B9050F9EB7}.Debug|Any CPU.ActiveCfg = Debug|Any CPU
		{ED34884E-9901-4888-A04D-C5B9050F9EB7}.Debug|Any CPU.Build.0 = Debug|Any CPU
		{ED34884E-9901-4888-A04D-C5B9050F9EB7}.Release|Any CPU.ActiveCfg = Release|Any CPU
		{ED34884E-9901-4888-A04D-C5B9050F9EB7}.Release|Any CPU.Build.0 = Release|Any CPU
	EndGlobalSection
	GlobalSection(SolutionProperties) = preSolution
		HideSolutionNode = FALSE
	EndGlobalSection
	GlobalSection(ExtensibilityGlobals) = postSolution
		SolutionGuid = {CC4C8FC7-2DCF-4C85-B521-AC97C61818D7}
	EndGlobalSection
EndGlobal
